
Microsoft Visual Studio Solution File, Format Version 12.00
# Visual Studio Version 17
VisualStudioVersion = 17.7.34031.279
MinimumVisualStudioVersion = 10.0.40219.1
Project("{FAE04EC0-301F-11D3-BF4B-00C04F79EFBC}") = "ejercicio3tp2lab2", "ejercicio3tp2lab2\ejercicio3tp2lab2.csproj", "{E6912CCD-77D4-465E-B3D4-6B7EEA53846F}"
EndProject
Global
	GlobalSection(SolutionConfigurationPlatforms) = preSolution
		Debug|Any CPU = Debug|Any CPU
		Release|Any CPU = Release|Any CPU
	EndGlobalSection
	GlobalSection(ProjectConfigurationPlatforms) = postSolution
		{E6912CCD-77D4-465E-B3D4-6B7EEA53846F}.Debug|Any CPU.ActiveCfg = Debug|Any CPU
		{E6912CCD-77D4-465E-B3D4-6B7EEA53846F}.Debug|Any CPU.Build.0 = Debug|Any CPU
		{E6912CCD-77D4-465E-B3D4-6B7EEA53846F}.Release|Any CPU.ActiveCfg = Release|Any CPU
		{E6912CCD-77D4-465E-B3D4-6B7EEA53846F}.Release|Any CPU.Build.0 = Release|Any CPU
	EndGlobalSection
	GlobalSection(SolutionProperties) = preSolution
		HideSolutionNode = FALSE
	EndGlobalSection
	GlobalSection(ExtensibilityGlobals) = postSolution
		SolutionGuid = {CE4844C4-192E-4583-8F9D-F4A93185AC36}
	EndGlobalSection
EndGlobal
